
Microsoft Visual Studio Solution File, Format Version 12.00
# Visual Studio 15
VisualStudioVersion = 15.0.27703.2047
MinimumVisualStudioVersion = 10.0.40219.1
Project("{FAE04EC0-301F-11D3-BF4B-00C04F79EFBC}") = "SMARTMOVIETHEATERMANAGEMENT", "SMARTMOVIETHEATERMANAGEMENT\SMARTMOVIETHEATERMANAGEMENT.csproj", "{612A8312-4B25-4C03-964C-7AF24564001D}"
EndProject
Global
	GlobalSection(SolutionConfigurationPlatforms) = preSolution
		Debug|Any CPU = Debug|Any CPU
		Release|Any CPU = Release|Any CPU
	EndGlobalSection
	GlobalSection(ProjectConfigurationPlatforms) = postSolution
		{612A8312-4B25-4C03-964C-7AF24564001D}.Debug|Any CPU.ActiveCfg = Debug|Any CPU
		{612A8312-4B25-4C03-964C-7AF24564001D}.Debug|Any CPU.Build.0 = Debug|Any CPU
		{612A8312-4B25-4C03-964C-7AF24564001D}.Release|Any CPU.ActiveCfg = Release|Any CPU
		{612A8312-4B25-4C03-964C-7AF24564001D}.Release|Any CPU.Build.0 = Release|Any CPU
	EndGlobalSection
	GlobalSection(SolutionProperties) = preSolution
		HideSolutionNode = FALSE
	EndGlobalSection
	GlobalSection(ExtensibilityGlobals) = postSolution
		SolutionGuid = {8521FA67-2CAC-4132-953A-25A3CD69D17F}
	EndGlobalSection
EndGlobal
