
Microsoft Visual Studio Solution File, Format Version 12.00
# Visual Studio 2012
Project("{FAE04EC0-301F-11D3-BF4B-00C04F79EFBC}") = "WebApplication3", "WebApplication3.csproj", "{99895321-2B7D-47D9-8F8A-114A14407959}"
EndProject
Global
	GlobalSection(SolutionConfigurationPlatforms) = preSolution
		Debug|Any CPU = Debug|Any CPU
		Release|Any CPU = Release|Any CPU
	EndGlobalSection
	GlobalSection(ProjectConfigurationPlatforms) = postSolution
		{99895321-2B7D-47D9-8F8A-114A14407959}.Debug|Any CPU.ActiveCfg = Debug|Any CPU
		{99895321-2B7D-47D9-8F8A-114A14407959}.Debug|Any CPU.Build.0 = Debug|Any CPU
		{99895321-2B7D-47D9-8F8A-114A14407959}.Release|Any CPU.ActiveCfg = Release|Any CPU
		{99895321-2B7D-47D9-8F8A-114A14407959}.Release|Any CPU.Build.0 = Release|Any CPU
	EndGlobalSection
	GlobalSection(SolutionProperties) = preSolution
		HideSolutionNode = FALSE
	EndGlobalSection
EndGlobal
