
Microsoft Visual Studio Solution File, Format Version 12.00
# Visual Studio 15
VisualStudioVersion = 15.0.27703.2018
MinimumVisualStudioVersion = 10.0.40219.1
Project("{FAE04EC0-301F-11D3-BF4B-00C04F79EFBC}") = "NEventManagement", "NEventManagement\NEventManagement.csproj", "{6B6E8DC3-06BD-4947-BB9C-5A7F5FA3D2F8}"
EndProject
Global
	GlobalSection(SolutionConfigurationPlatforms) = preSolution
		Debug|Any CPU = Debug|Any CPU
		Release|Any CPU = Release|Any CPU
	EndGlobalSection
	GlobalSection(ProjectConfigurationPlatforms) = postSolution
		{6B6E8DC3-06BD-4947-BB9C-5A7F5FA3D2F8}.Debug|Any CPU.ActiveCfg = Debug|Any CPU
		{6B6E8DC3-06BD-4947-BB9C-5A7F5FA3D2F8}.Debug|Any CPU.Build.0 = Debug|Any CPU
		{6B6E8DC3-06BD-4947-BB9C-5A7F5FA3D2F8}.Release|Any CPU.ActiveCfg = Release|Any CPU
		{6B6E8DC3-06BD-4947-BB9C-5A7F5FA3D2F8}.Release|Any CPU.Build.0 = Release|Any CPU
	EndGlobalSection
	GlobalSection(SolutionProperties) = preSolution
		HideSolutionNode = FALSE
	EndGlobalSection
	GlobalSection(ExtensibilityGlobals) = postSolution
		SolutionGuid = {30D24B6A-AA63-40F3-A3F6-67C8B01F23C7}
	EndGlobalSection
EndGlobal
